github.com/cyberphone/json-canonicalization v0.0.0-20241213102144-19d51d7fe467 h1:uX1JmpONuD549D73r6cgnxyUu18Zb7yHAy5AYU0Pm4Q=
github.com/cyberphone/json-canonicalization v0.0.0-20241213102144-19d51d7fe467/go.mod h1:uzvlm1mxhHkdfqitSA92i7Se+S9ksOn3a3qmv/kyOCw=
github.com/davecgh/go-spew v1.1.2-0.20180830191138-d8f796af33cc h1:U9qPSI2PIWSS1VwoXQT9A3Wy9MM3WgvqSxFWenqJduM=
github.com/davecgh/go-spew v1.1.2-0.20180830191138-d8f796af33cc/go.mod h1:J7Y8YcW2NihsgmVo/mv3lAwl/skON4iLHjSsI+c5H38=
github.com/dlclark/regexp2 v1.11.0 h1:G/nrcoOa7ZXlpoa/91N3X7mM3r8eIlMBBJZvsz/mxKI=
github.com/dlclark/regexp2 v1.11.0/go.mod h1:DHkYz0B9wPfa6wondMfaivmHpzrQ3v9q8cnmRbL6yW8=
github.com/go-logr/logr v1.4.3 h1:CjnDlHq8ikf6E492q6eKboGOC0T8CDaOvkHCIg8idEI=
github.com/go-logr/logr v1.4.3/go.mod h1:9T104GzyrTigFIr8wt5mBrctHMim0Nb2HLGrmQ40KvY=
github.com/gobwas/glob v0.2.3 h1:A4xDbljILXROh+kObIiy5kIaPYD8e96x1tgBhUI5J+Y=
github.com/gobwas/glob v0.2.3/go.mod h1:d3Ez4x06l9bZtSvzIay5+Yzi0fmZzPgnTbPcKjJAkT8=
github.com/google/go-cmp v0.7.0 h1:wk8382ETsv4JYUZwIsn6YpYiWiBsYLSJiTsyBybVuN8=
github.com/google/go-cmp v0.7.0/go.mod h1:pXiqmnSA92OHEEa9HXL2W4E7lf9JzCmGVUdgjX3N/iU=
github.com/opencontainers/go-digest v1.0.0 h1:apOUWs51W5PlhuyGyz9FCeeBIOUDA/6nW8Oi/yOhh5U=
github.com/opencontainers/go-digest v1.0.0/go.mod h1:0JzlMkj0TRzQZfJkVvzbP0HBR3IKzErnv2BNG4W4MAM=
github.com/pmezard/go-difflib v1.0.1-0.20181226105442-5d4384ee4fb2 h1:Jamvg5psRIccs7FGNTlIRMkT8wgtp5eCXdBlqhYGL6U=
github.com/pmezard/go-difflib v1.0.1-0.20181226105442-5d4384ee4fb2/go.mod h1:iKH77koFhYxTK1pcRnkKkqfTogsbg7gZNVY4sRDYZ/4=
github.com/santhosh-tekuri/jsonschema/v6 v6.0.2 h1:KRzFb2m7YtdldCEkzs6KqmJw4nqEVZGK7IN2kJkjTuQ=
github.com/santhosh-tekuri/jsonschema/v6 v6.0.2/go.mod h1:JXeL+ps8p7/KNMjDQk3TCwPpBy0wYklyWTfbkIzdIFU=
github.com/stretchr/objx v0.5.3 h1:jmXUvGomnU1o3W/V5h2VEradbpJDwGrzugQQvL0POH4=
github.com/stretchr/objx v0.5.3/go.mod h1:rDQraq+vQZU7Fde9LOZLr8Tax6zZvy4kuNKF+QYS+U0=
github.com/stretchr/testify v1.11.1 h1:7s2iGBzp5EwR7/aIZr8ao5+dra3wiQyKjjFuvgVKu7U=
github.com/stretchr/testify v1.11.1/go.mod h1:wZwfW3scLgRK+23gO65QZefKpKQRnfz6sD981Nm4B6U=
github.com/veqryn/slog-context v0.9.0 h1:VNXHBWufRGfKiumi7cYoh7p2iElquZ4v8AnAumFOhEI=
github.com/veqryn/slog-context v0.9.0/go.mod h1:l953waOLsWW6hArZeJDGGKZYLrsOIPBeJ/QQnOA8RU0=
go.yaml.in/yaml/v2 v2.4.4 h1:tuyd0P+2Ont/d6e2rl3be67goVK4R6deVxCUX5vyPaQ=
go.yaml.in/yaml/v2 v2.4.4/go.mod h1:gMZqIpDtDqOfM0uNfy0SkpRhvUryYH0Z6wdMYcacYXQ=
go.yaml.in/yaml/v3 v3.0.4 h1:tfq32ie2Jv2UxXFdLJdh3jXuOzWiL1fo0bu/FbuKpbc=
go.yaml.in/yaml/v3 v3.0.4/go.mod h1:DhzuOOF2ATzADvBadXxruRBLzYTpT36CKvDb3+aBEFg=
golang.org/x/sync v0.20.0 h1:e0PTpb7pjO8GAtTs2dQ6jYa5BWYlMuX047Dco/pItO4=
golang.org/x/sync v0.20.0/go.mod h1:9xrNwdLfx4jkKbNva9FpL6vEN7evnE43NNNJQ2LF3+0=
golang.org/x/text v0.35.0 h1:JOVx6vVDFokkpaq1AEptVzLTpDe9KGpj5tR4/X+ybL8=
golang.org/x/text v0.35.0/go.mod h1:khi/HExzZJ2pGnjenulevKNX1W67CUy0AsXcNubPGCA=
gopkg.in/yaml.v3 v3.0.1 h1:fxVm/GzAzEWqLHuvctI91KS9hhNmmWOoWu0XTYJS7CA=
gopkg.in/yaml.v3 v3.0.1/go.mod h1:K4uyk7z7BCEPqu6E+C64Yfv1cQ7kz7rIZviUmN+EgEM=
ocm.software/open-component-model/bindings/go/blob v0.0.11 h1:ASalU+M+PMgLGI6vQ1ZIWC65OOtN2a49qIMNR6BNONA=
ocm.software/open-component-model/bindings/go/blob v0.0.11/go.mod h1:pZzaYptwTVBhicYp6z9vDY2K6KTwd5c+MuYoC3jr6s8=
ocm.software/open-component-model/bindings/go/configuration v0.0.10 h1:XtGn4nKtuRzn6l0PuS6vP5Lzhox73L89r2JoEBjJtSg=
ocm.software/open-component-model/bindings/go/configuration v0.0.10/go.mod h1:8IzR0l9IVdoDRpy2V6Ix4/wQchikYfa/YfjYgKZzZCU=
ocm.software/open-component-model/bindings/go/credentials v0.0.7 h1:pxf8fKSwWFiuvCjFrEfMODE4Vkyi+QexM/8x+mNdhcQ=
ocm.software/open-component-model/bindings/go/credentials v0.0.7/go.mod h1:nWi5y4VhkAGaxfy6wNoLCde0saCu8ViHvjqBXHbe04U=
ocm.software/open-component-model/bindings/go/descriptor/runtime v0.0.0-20260430123712-ce7338d4fe09 h1:XytLYqYx52lGe4IXwAZ+o8eo/aYVNkYQgQHXD2zTICQ=
ocm.software/open-component-model/bindings/go/descriptor/runtime v0.0.0-20260430123712-ce7338d4fe09/go.mod h1:/ZlJQBr8OjOhgwyw/lz8GW6SIYifCsBRydw6ETGPoAU=
ocm.software/open-component-model/bindings/go/descriptor/v2 v2.0.3-alpha3 h1:bTb7LgRFAAuhr5FGkkBVStU4YLtFZz3uhO9V4VFhW64=
ocm.software/open-component-model/bindings/go/descriptor/v2 v2.0.3-alpha3/go.mod h1:miNDxmNWsrYI9f3QNZIOBrK6jVmWnyFj0Z/ZGFjR5Qk=
ocm.software/open-component-model/bindings/go/repository v0.0.8 h1:TUwsQSOkPMvKAU3ciK7Tr2UgewDag640X+OD97zI2oE=
ocm.software/open-component-model/bindings/go/repository v0.0.8/go.mod h1:2TCCOD2lV/druBsW3/YBRnk8uOqUJCPefk1s7MyULb8=
ocm.software/open-component-model/bindings/go/runtime v0.0.8 h1:NIN8smq0Fs64N10UCSx7RrysIB/u8ukVF/GeT76uQRE=
ocm.software/open-component-model/bindings/go/runtime v0.0.8/go.mod h1:sRm+ybi9yjJGAgMSUHr0xdaSobsmeU8DWGP4Xonaso8=
sigs.k8s.io/yaml v1.6.0 h1:G8fkbMSAFqgEFgh4b1wmtzDnioxFCUgTZhlbj5P9QYs=
sigs.k8s.io/yaml v1.6.0/go.mod h1:796bPqUfzR/0jLAl6XjHl3Ck7MiyVv8dbTdyT3/pMf4=
